<?xml version="1.0" encoding="UTF-8" standalone="yes" ?>
<CodeBlocks_project_file>
	<FileVersion major="1" minor="6" />
	<Project>
		<Option title="dday" />
		<Option pch_mode="2" />
		<Option compiler="gcc" />
		<Build>
			<Target title="Debug Win x86">
				<Option output="./kmq2gamex86" prefix_auto="1" extension_auto="1" />
				<Option object_output="Debug/" />
				<Option type="3" />
				<Option compiler="gcc" />
				<Option createDefFile="1" />
				<Option createStaticLib="1" />
				<Compiler>
					<Add option="-DWIN32" />
					<Add option="-D_DEBUG" />
					<Add option="-D_WINDOWS" />
					<Add option="-W" />
					<Add option="-g" />
					<Add option="-O0" />
				</Compiler>
				<Linker>
					<Add library="winmm" />
				</Linker>
			</Target>
			<Target title="Debug Win x64">
				<Option output="./kmq2gamex64" prefix_auto="1" extension_auto="1" />
				<Option object_output="x64/Debug/" />
				<Option type="3" />
				<Option compiler="gcc" />
				<Option createDefFile="1" />
				<Option createStaticLib="1" />
				<Compiler>
					<Add option="-DWIN32" />
					<Add option="-D_DEBUG" />
					<Add option="-D_WINDOWS" />
					<Add option="-W" />
					<Add option="-O0" />
				</Compiler>
				<Linker>
					<Add library="winmm" />
				</Linker>
			</Target>
			<Target title="Release Win x86">
				<Option output="./kmq2gamex86" prefix_auto="1" extension_auto="1" />
				<Option object_output="Release/" />
				<Option type="3" />
				<Option compiler="gcc" />
				<Option createDefFile="1" />
				<Option createStaticLib="1" />
				<Compiler>
					<Add option="-DWIN32" />
					<Add option="-DNDEBUG" />
					<Add option="-D_WINDOWS" />
					<Add option="-W" />
					<Add option="-O2" />
				</Compiler>
				<Linker>
					<Add library="winmm" />
				</Linker>
			</Target>
			<Target title="Release Win x64">
				<Option output="./kmq2gamex64" prefix_auto="1" extension_auto="1" />
				<Option object_output="x64/Release/" />
				<Option type="3" />
				<Option compiler="gcc" />
				<Option createDefFile="1" />
				<Option createStaticLib="1" />
				<Compiler>
					<Add option="-DWIN32" />
					<Add option="-DNDEBUG" />
					<Add option="-D_WINDOWS" />
					<Add option="-W" />
					<Add option="-O2" />
				</Compiler>
				<Linker>
					<Add library="winmm" />
				</Linker>
			</Target>
			<Target title="Debug Unix x86">
				<Option output="./kmq2gamei386" prefix_auto="0" extension_auto="1" />
				<Option object_output="Debug/" />
				<Option type="3" />
				<Option compiler="gcc" />
				<Option createDefFile="1" />
				<Option createStaticLib="1" />
				<Compiler>
					<Add option="-fPIC" />
					<Add option="-m32" />
					<Add option="-g" />
					<Add option="-W" />
					<Add option="-O0" />
					<Add option="-D_DEBUG" />
				</Compiler>
				<Linker>
					<Add option="-m32" />
				</Linker>
			</Target>
			<Target title="Debug Unix x64">
				<Option output="./kmq2gamex64" prefix_auto="0" extension_auto="1" />
				<Option object_output="x64/Debug/" />
				<Option type="3" />
				<Option compiler="gcc" />
				<Option createDefFile="1" />
				<Option createStaticLib="1" />
				<Compiler>
					<Add option="-fPIC" />
					<Add option="-m64" />
					<Add option="-g" />
					<Add option="-W" />
					<Add option="-O0" />
					<Add option="-D_DEBUG" />
				</Compiler>
				<Linker>
					<Add option="-m64" />
				</Linker>
			</Target>
			<Target title="Release Unix x86">
				<Option output="./kmq2gamei386" prefix_auto="0" extension_auto="1" />
				<Option object_output="Release/" />
				<Option type="3" />
				<Option compiler="gcc" />
				<Option createDefFile="1" />
				<Option createStaticLib="1" />
				<Compiler>
					<Add option="-O2" />
					<Add option="-fPIC" />
					<Add option="-m32" />
					<Add option="-W" />
					<Add option="-DNDEBUG" />
				</Compiler>
				<Linker>
					<Add option="-m32" />
				</Linker>
			</Target>
			<Target title="Release Unix x64">
				<Option output="./kmq2gamex64" prefix_auto="0" extension_auto="1" />
				<Option object_output="x64/Release/" />
				<Option type="3" />
				<Option compiler="gcc" />
				<Option createDefFile="1" />
				<Option createStaticLib="1" />
				<Compiler>
					<Add option="-O2" />
					<Add option="-fPIC" />
					<Add option="-m64" />
					<Add option="-W" />
					<Add option="-DNDEBUG" />
				</Compiler>
				<Linker>
					<Add option="-m64" />
				</Linker>
			</Target>
		</Build>
		<Unit filename="../../ai/AStar.c">
			<Option compilerVar="CC" />
		</Unit>
		<Unit filename="../../ai/AStar.h" />
		<Unit filename="../../ai/ai.h" />
		<Unit filename="../../ai/ai_class_dmbot.c">
			<Option compilerVar="CC" />
		</Unit>
		<Unit filename="../../ai/ai_class_monster_default.c">
			<Option compilerVar="CC" />
		</Unit>
		<Unit filename="../../ai/ai_dropnodes.c">
			<Option compilerVar="CC" />
		</Unit>
		<Unit filename="../../ai/ai_items.c">
			<Option compilerVar="CC" />
		</Unit>
		<Unit filename="../../ai/ai_links.c">
			<Option compilerVar="CC" />
		</Unit>
		<Unit filename="../../ai/ai_local.h" />
		<Unit filename="../../ai/ai_main.c">
			<Option compilerVar="CC" />
		</Unit>
		<Unit filename="../../ai/ai_movement.c">
			<Option compilerVar="CC" />
		</Unit>
		<Unit filename="../../ai/ai_navigation.c">
			<Option compilerVar="CC" />
		</Unit>
		<Unit filename="../../ai/ai_nodes.c">
			<Option compilerVar="CC" />
		</Unit>
		<Unit filename="../../ai/ai_nodes_local.h" />
		<Unit filename="../../ai/ai_nodes_shared.h" />
		<Unit filename="../../ai/ai_tools.c">
			<Option compilerVar="CC" />
		</Unit>
		<Unit filename="../../ai/ai_weapons.c">
			<Option compilerVar="CC" />
		</Unit>
		<Unit filename="../../ai/ai_weapons.h" />
		<Unit filename="../../ai/bot_common.c">
			<Option compilerVar="CC" />
		</Unit>
		<Unit filename="../../ai/bot_spawn.c">
			<Option compilerVar="CC" />
		</Unit>
		<Unit filename="../../g_ai.c">
			<Option compilerVar="CC" />
		</Unit>
		<Unit filename="../../g_arty.c">
			<Option compilerVar="CC" />
		</Unit>
		<Unit filename="../../g_cmds.c">
			<Option compilerVar="CC" />
		</Unit>
		<Unit filename="../../g_cmds.h" />
		<Unit filename="../../g_combat.c">
			<Option compilerVar="CC" />
		</Unit>
		<Unit filename="../../g_defines.h" />
		<Unit filename="../../g_ents.c">
			<Option compilerVar="CC" />
		</Unit>
		<Unit filename="../../g_func.c">
			<Option compilerVar="CC" />
		</Unit>
		<Unit filename="../../g_items.c">
			<Option compilerVar="CC" />
		</Unit>
		<Unit filename="../../g_local.h" />
		<Unit filename="../../g_main.c">
			<Option compilerVar="CC" />
		</Unit>
		<Unit filename="../../g_maps.c">
			<Option compilerVar="CC" />
		</Unit>
		<Unit filename="../../g_maps.h" />
		<Unit filename="../../g_misc.c">
			<Option compilerVar="CC" />
		</Unit>
		<Unit filename="../../g_monster.c">
			<Option compilerVar="CC" />
		</Unit>
		<Unit filename="../../g_objectives.c">
			<Option compilerVar="CC" />
		</Unit>
		<Unit filename="../../g_phys.c">
			<Option compilerVar="CC" />
		</Unit>
		<Unit filename="../../g_save.c">
			<Option compilerVar="CC" />
		</Unit>
		<Unit filename="../../g_spawn.c">
			<Option compilerVar="CC" />
		</Unit>
		<Unit filename="../../g_svcmds.c">
			<Option compilerVar="CC" />
		</Unit>
		<Unit filename="../../g_target.c">
			<Option compilerVar="CC" />
		</Unit>
		<Unit filename="../../g_trigger.c">
			<Option compilerVar="CC" />
		</Unit>
		<Unit filename="../../g_turret.c">
			<Option compilerVar="CC" />
		</Unit>
		<Unit filename="../../g_utils.c">
			<Option compilerVar="CC" />
		</Unit>
		<Unit filename="../../g_weapon.c">
			<Option compilerVar="CC" />
		</Unit>
		<Unit filename="../../game.def" />
		<Unit filename="../../game.h" />
		<Unit filename="../../gbr/gbr_classes.h" />
		<Unit filename="../../gbr/gbr_defines.h" />
		<Unit filename="../../gbr/gbr_guninfo.c">
			<Option compilerVar="CC" />
		</Unit>
		<Unit filename="../../gbr/gbr_item.c">
			<Option compilerVar="CC" />
		</Unit>
		<Unit filename="../../gbr/gbr_main.c">
			<Option compilerVar="CC" />
		</Unit>
		<Unit filename="../../gbr/gbr_main.h" />
		<Unit filename="../../gbr/gbr_spawn.c">
			<Option compilerVar="CC" />
		</Unit>
		<Unit filename="../../gbr/gbr_weapon.c">
			<Option compilerVar="CC" />
		</Unit>
		<Unit filename="../../grm/grm_classes.h" />
		<Unit filename="../../grm/grm_defines.h" />
		<Unit filename="../../grm/grm_guninfo.c">
			<Option compilerVar="CC" />
		</Unit>
		<Unit filename="../../grm/grm_item.c">
			<Option compilerVar="CC" />
		</Unit>
		<Unit filename="../../grm/grm_main.c">
			<Option compilerVar="CC" />
		</Unit>
		<Unit filename="../../grm/grm_main.h" />
		<Unit filename="../../grm/grm_spawn.c">
			<Option compilerVar="CC" />
		</Unit>
		<Unit filename="../../grm/grm_weapon.c">
			<Option compilerVar="CC" />
		</Unit>
		<Unit filename="../../ita/ita_classes.h" />
		<Unit filename="../../ita/ita_defines.h" />
		<Unit filename="../../ita/ita_guninfo.c">
			<Option compilerVar="CC" />
		</Unit>
		<Unit filename="../../ita/ita_item.c">
			<Option compilerVar="CC" />
		</Unit>
		<Unit filename="../../ita/ita_main.c">
			<Option compilerVar="CC" />
		</Unit>
		<Unit filename="../../ita/ita_main.h" />
		<Unit filename="../../ita/ita_spawn.c">
			<Option compilerVar="CC" />
		</Unit>
		<Unit filename="../../ita/ita_weapon.c">
			<Option compilerVar="CC" />
		</Unit>
		<Unit filename="../../jpn/jpn_classes.h" />
		<Unit filename="../../jpn/jpn_defines.h" />
		<Unit filename="../../jpn/jpn_guninfo.c">
			<Option compilerVar="CC" />
		</Unit>
		<Unit filename="../../jpn/jpn_item.c">
			<Option compilerVar="CC" />
		</Unit>
		<Unit filename="../../jpn/jpn_main.c">
			<Option compilerVar="CC" />
		</Unit>
		<Unit filename="../../jpn/jpn_main.h" />
		<Unit filename="../../jpn/jpn_spawn.c">
			<Option compilerVar="CC" />
		</Unit>
		<Unit filename="../../jpn/jpn_weapon.c">
			<Option compilerVar="CC" />
		</Unit>
		<Unit filename="../../m_actor.c">
			<Option compilerVar="CC" />
		</Unit>
		<Unit filename="../../m_actor.h" />
		<Unit filename="../../m_civilian.c">
			<Option compilerVar="CC" />
		</Unit>
		<Unit filename="../../m_flash.c">
			<Option compilerVar="CC" />
		</Unit>
		<Unit filename="../../m_insane.c">
			<Option compilerVar="CC" />
		</Unit>
		<Unit filename="../../m_insane.h" />
		<Unit filename="../../m_move.c">
			<Option compilerVar="CC" />
		</Unit>
		<Unit filename="../../m_player.h" />
		<Unit filename="../../p_classes.c">
			<Option compilerVar="CC" />
		</Unit>
		<Unit filename="../../p_classes.h" />
		<Unit filename="../../p_client.c">
			<Option compilerVar="CC" />
		</Unit>
		<Unit filename="../../p_generic_wep.c">
			<Option compilerVar="CC" />
		</Unit>
		<Unit filename="../../p_hud.c">
			<Option compilerVar="CC" />
		</Unit>
		<Unit filename="../../p_menu.c">
			<Option compilerVar="CC" />
		</Unit>
		<Unit filename="../../p_menu.h" />
		<Unit filename="../../p_menus.h" />
		<Unit filename="../../p_observer.c">
			<Option compilerVar="CC" />
		</Unit>
		<Unit filename="../../p_observer.h" />
		<Unit filename="../../p_trail.c">
			<Option compilerVar="CC" />
		</Unit>
		<Unit filename="../../p_view.c">
			<Option compilerVar="CC" />
		</Unit>
		<Unit filename="../../p_weapon.c">
			<Option compilerVar="CC" />
		</Unit>
		<Unit filename="../../pol/pol_classes.h" />
		<Unit filename="../../pol/pol_defines.h" />
		<Unit filename="../../pol/pol_guninfo.c">
			<Option compilerVar="CC" />
		</Unit>
		<Unit filename="../../pol/pol_item.c">
			<Option compilerVar="CC" />
		</Unit>
		<Unit filename="../../pol/pol_main.c">
			<Option compilerVar="CC" />
		</Unit>
		<Unit filename="../../pol/pol_main.h" />
		<Unit filename="../../pol/pol_spawn.c">
			<Option compilerVar="CC" />
		</Unit>
		<Unit filename="../../pol/pol_weapon.c">
			<Option compilerVar="CC" />
		</Unit>
		<Unit filename="../../q_shared.c">
			<Option compilerVar="CC" />
		</Unit>
		<Unit filename="../../q_shared.h" />
		<Unit filename="../../rus/rus_classes.h" />
		<Unit filename="../../rus/rus_defines.h" />
		<Unit filename="../../rus/rus_guninfo.c">
			<Option compilerVar="CC" />
		</Unit>
		<Unit filename="../../rus/rus_item.c">
			<Option compilerVar="CC" />
		</Unit>
		<Unit filename="../../rus/rus_main.c">
			<Option compilerVar="CC" />
		</Unit>
		<Unit filename="../../rus/rus_main.h" />
		<Unit filename="../../rus/rus_spawn.c">
			<Option compilerVar="CC" />
		</Unit>
		<Unit filename="../../rus/rus_weapon.c">
			<Option compilerVar="CC" />
		</Unit>
		<Unit filename="../../u_entmgr.c">
			<Option compilerVar="CC" />
		</Unit>
		<Unit filename="../../usa/usa_classes.h" />
		<Unit filename="../../usa/usa_defines.h" />
		<Unit filename="../../usa/usa_guninfo.c">
			<Option compilerVar="CC" />
		</Unit>
		<Unit filename="../../usa/usa_item.c">
			<Option compilerVar="CC" />
		</Unit>
		<Unit filename="../../usa/usa_main.c">
			<Option compilerVar="CC" />
		</Unit>
		<Unit filename="../../usa/usa_main.h" />
		<Unit filename="../../usa/usa_spawn.c">
			<Option compilerVar="CC" />
		</Unit>
		<Unit filename="../../usa/usa_weapon.c">
			<Option compilerVar="CC" />
		</Unit>
		<Unit filename="../../usm/usm_classes.h" />
		<Unit filename="../../usm/usm_defines.h" />
		<Unit filename="../../usm/usm_guninfo.c">
			<Option compilerVar="CC" />
		</Unit>
		<Unit filename="../../usm/usm_item.c">
			<Option compilerVar="CC" />
		</Unit>
		<Unit filename="../../usm/usm_main.c">
			<Option compilerVar="CC" />
		</Unit>
		<Unit filename="../../usm/usm_main.h" />
		<Unit filename="../../usm/usm_spawn.c">
			<Option compilerVar="CC" />
		</Unit>
		<Unit filename="../../usm/usm_weapon.c">
			<Option compilerVar="CC" />
		</Unit>
		<Unit filename="../../x_fbomb.c">
			<Option compilerVar="CC" />
		</Unit>
		<Unit filename="../../x_fbomb.h" />
		<Unit filename="../../x_fire.c">
			<Option compilerVar="CC" />
		</Unit>
		<Unit filename="../../x_fire.h" />
		<Extensions />
	</Project>
</CodeBlocks_project_file>
