<?xml version="1.0" encoding="utf-8"?>
<Project ToolsVersion="4.0" xmlns="http://schemas.microsoft.com/developer/msbuild/2003">
  <ItemGroup>
    <Filter Include="Source Files">
      <UniqueIdentifier>{4FC737F1-C7A5-4376-A066-2A32D752A2FF}</UniqueIdentifier>
      <Extensions>cpp;c;cc;cxx;def;odl;idl;hpj;bat;asm;asmx</Extensions>
    </Filter>
    <Filter Include="Header Files">
      <UniqueIdentifier>{93995380-89BD-4b04-88EB-625FBE52EBFB}</UniqueIdentifier>
      <Extensions>h;hpp;hxx;hm;inl;inc;xsd</Extensions>
    </Filter>
    <Filter Include="Resource Files">
      <UniqueIdentifier>{67DA6AB6-F800-4c08-8B7A-83BB121AAD01}</UniqueIdentifier>
      <Extensions>rc;ico;cur;bmp;dlg;rc2;rct;bin;rgs;gif;jpg;jpeg;jpe;resx;tiff;tif;png;wav</Extensions>
    </Filter>
  </ItemGroup>
  <ItemGroup>
    <ClCompile Include=".\g_chase.c">
      <Filter>Source Files</Filter>
    </ClCompile>
    <ClCompile Include=".\g_cmds.c">
      <Filter>Source Files</Filter>
    </ClCompile>
    <ClCompile Include=".\g_combat.c">
      <Filter>Source Files</Filter>
    </ClCompile>
    <ClCompile Include=".\g_func.c">
      <Filter>Source Files</Filter>
    </ClCompile>
    <ClCompile Include=".\g_items.c">
      <Filter>Source Files</Filter>
    </ClCompile>
    <ClCompile Include=".\g_main.c">
      <Filter>Source Files</Filter>
    </ClCompile>
    <ClCompile Include=".\g_misc.c">
      <Filter>Source Files</Filter>
    </ClCompile>
    <ClCompile Include=".\g_model.c">
      <Filter>Source Files</Filter>
    </ClCompile>
    <ClCompile Include=".\g_monster.c">
      <Filter>Source Files</Filter>
    </ClCompile>
    <ClCompile Include=".\g_phys.c">
      <Filter>Source Files</Filter>
    </ClCompile>
    <ClCompile Include=".\g_save.c">
      <Filter>Source Files</Filter>
    </ClCompile>
    <ClCompile Include=".\g_spawn.c">
      <Filter>Source Files</Filter>
    </ClCompile>
    <ClCompile Include=".\g_svcmds.c">
      <Filter>Source Files</Filter>
    </ClCompile>
    <ClCompile Include=".\g_target.c">
      <Filter>Source Files</Filter>
    </ClCompile>
    <ClCompile Include=".\g_trigger.c">
      <Filter>Source Files</Filter>
    </ClCompile>
    <ClCompile Include=".\g_utils.c">
      <Filter>Source Files</Filter>
    </ClCompile>
    <ClCompile Include=".\g_weapon.c">
      <Filter>Source Files</Filter>
    </ClCompile>
    <ClCompile Include=".\km_cvar.c">
      <Filter>Source Files</Filter>
    </ClCompile>
    <ClCompile Include=".\p_client.c">
      <Filter>Source Files</Filter>
    </ClCompile>
    <ClCompile Include=".\p_hud.c">
      <Filter>Source Files</Filter>
    </ClCompile>
    <ClCompile Include=".\p_menu.c">
      <Filter>Source Files</Filter>
    </ClCompile>
    <ClCompile Include=".\p_trail.c">
      <Filter>Source Files</Filter>
    </ClCompile>
    <ClCompile Include=".\p_view.c">
      <Filter>Source Files</Filter>
    </ClCompile>
    <ClCompile Include=".\p_weapon.c">
      <Filter>Source Files</Filter>
    </ClCompile>
    <ClCompile Include=".\q_shared.c">
      <Filter>Source Files</Filter>
    </ClCompile>
    <ClCompile Include=".\g_misc_kex.c">
      <Filter>Source Files</Filter>
    </ClCompile>
    <ClCompile Include="bot.c">
      <Filter>Source Files</Filter>
    </ClCompile>
    <ClCompile Include="bot_fire.c">
      <Filter>Source Files</Filter>
    </ClCompile>
    <ClCompile Include="bot_func.c">
      <Filter>Source Files</Filter>
    </ClCompile>
    <ClCompile Include="bot_za.c">
      <Filter>Source Files</Filter>
    </ClCompile>
    <ClCompile Include="g_ctf.c">
      <Filter>Source Files</Filter>
    </ClCompile>
    <ClCompile Include="m_move.c">
      <Filter>Source Files</Filter>
    </ClCompile>
    <ClCompile Include="g_mtrain.c">
      <Filter>Source Files</Filter>
    </ClCompile>
    <ClCompile Include="g_newfnc.c">
      <Filter>Source Files</Filter>
    </ClCompile>
  </ItemGroup>
  <ItemGroup>
    <ClInclude Include=".\g_local.h">
      <Filter>Header Files</Filter>
    </ClInclude>
    <ClInclude Include=".\game.h">
      <Filter>Header Files</Filter>
    </ClInclude>
    <ClInclude Include=".\km_cvar.h">
      <Filter>Header Files</Filter>
    </ClInclude>
    <ClInclude Include=".\m_player.h">
      <Filter>Header Files</Filter>
    </ClInclude>
    <ClInclude Include=".\p_menu.h">
      <Filter>Header Files</Filter>
    </ClInclude>
    <ClInclude Include=".\pak.h">
      <Filter>Header Files</Filter>
    </ClInclude>
    <ClInclude Include=".\q_shared.h">
      <Filter>Header Files</Filter>
    </ClInclude>
    <ClInclude Include="bot.h">
      <Filter>Header Files</Filter>
    </ClInclude>
    <ClInclude Include="botstr.h">
      <Filter>Header Files</Filter>
    </ClInclude>
    <ClInclude Include="g_ctf.h">
      <Filter>Header Files</Filter>
    </ClInclude>
  </ItemGroup>
  <ItemGroup>
    <None Include=".\game.def">
      <Filter>Resource Files</Filter>
    </None>
  </ItemGroup>
  <ItemGroup>
    <ResourceCompile Include="3zb2_2010.rc">
      <Filter>Resource Files</Filter>
    </ResourceCompile>
  </ItemGroup>
</Project>